
Microsoft Visual Studio Solution File, Format Version 12.00
# Visual Studio Version 17
VisualStudioVersion = 17.0.31903.59
MinimumVisualStudioVersion = 10.0.40219.1
Project("{FAE04EC0-301F-11D3-BF4B-00C04F79EFBC}") = "ValuesAndReferences", "ValuesAndReferences\ValuesAndReferences.csproj", "{ADDAA0D5-8C42-451F-9048-7FE1B8A8C7F5}"
EndProject
Project("{FAE04EC0-301F-11D3-BF4B-00C04F79EFBC}") = "Tempo", "Tempo\Tempo.csproj", "{D86B809D-A3DB-4A68-BF92-089760A7B6AD}"
EndProject
Project("{FAE04EC0-301F-11D3-BF4B-00C04F79EFBC}") = "RandomTest", "RandomTest\RandomTest.csproj", "{817186D5-C25F-41F0-9AE9-56523EC6479A}"
EndProject
Project("{FAE04EC0-301F-11D3-BF4B-00C04F79EFBC}") = "RandomDice", "RandomDice\RandomDice.csproj", "{DDD66AAB-74F8-4D6C-BBFE-8AFA12F6980A}"
EndProject
Project("{FAE04EC0-301F-11D3-BF4B-00C04F79EFBC}") = "UpperUnion", "UpperUnion\UpperUnion.csproj", "{B38E88FE-75DF-40AE-A0B6-E124E9BC930D}"
EndProject
Global
	GlobalSection(SolutionConfigurationPlatforms) = preSolution
		Debug|Any CPU = Debug|Any CPU
		Release|Any CPU = Release|Any CPU
	EndGlobalSection
	GlobalSection(SolutionProperties) = preSolution
		HideSolutionNode = FALSE
	EndGlobalSection
	GlobalSection(ProjectConfigurationPlatforms) = postSolution
		{ADDAA0D5-8C42-451F-9048-7FE1B8A8C7F5}.Debug|Any CPU.ActiveCfg = Debug|Any CPU
		{ADDAA0D5-8C42-451F-9048-7FE1B8A8C7F5}.Debug|Any CPU.Build.0 = Debug|Any CPU
		{ADDAA0D5-8C42-451F-9048-7FE1B8A8C7F5}.Release|Any CPU.ActiveCfg = Release|Any CPU
		{ADDAA0D5-8C42-451F-9048-7FE1B8A8C7F5}.Release|Any CPU.Build.0 = Release|Any CPU
		{D86B809D-A3DB-4A68-BF92-089760A7B6AD}.Debug|Any CPU.ActiveCfg = Debug|Any CPU
		{D86B809D-A3DB-4A68-BF92-089760A7B6AD}.Debug|Any CPU.Build.0 = Debug|Any CPU
		{D86B809D-A3DB-4A68-BF92-089760A7B6AD}.Release|Any CPU.ActiveCfg = Release|Any CPU
		{D86B809D-A3DB-4A68-BF92-089760A7B6AD}.Release|Any CPU.Build.0 = Release|Any CPU
		{817186D5-C25F-41F0-9AE9-56523EC6479A}.Debug|Any CPU.ActiveCfg = Debug|Any CPU
		{817186D5-C25F-41F0-9AE9-56523EC6479A}.Debug|Any CPU.Build.0 = Debug|Any CPU
		{817186D5-C25F-41F0-9AE9-56523EC6479A}.Release|Any CPU.ActiveCfg = Release|Any CPU
		{817186D5-C25F-41F0-9AE9-56523EC6479A}.Release|Any CPU.Build.0 = Release|Any CPU
		{DDD66AAB-74F8-4D6C-BBFE-8AFA12F6980A}.Debug|Any CPU.ActiveCfg = Debug|Any CPU
		{DDD66AAB-74F8-4D6C-BBFE-8AFA12F6980A}.Debug|Any CPU.Build.0 = Debug|Any CPU
		{DDD66AAB-74F8-4D6C-BBFE-8AFA12F6980A}.Release|Any CPU.ActiveCfg = Release|Any CPU
		{DDD66AAB-74F8-4D6C-BBFE-8AFA12F6980A}.Release|Any CPU.Build.0 = Release|Any CPU
		{B38E88FE-75DF-40AE-A0B6-E124E9BC930D}.Debug|Any CPU.ActiveCfg = Debug|Any CPU
		{B38E88FE-75DF-40AE-A0B6-E124E9BC930D}.Debug|Any CPU.Build.0 = Debug|Any CPU
		{B38E88FE-75DF-40AE-A0B6-E124E9BC930D}.Release|Any CPU.ActiveCfg = Release|Any CPU
		{B38E88FE-75DF-40AE-A0B6-E124E9BC930D}.Release|Any CPU.Build.0 = Release|Any CPU
	EndGlobalSection
EndGlobal
